
Microsoft Visual Studio Solution File, Format Version 12.00
# Visual Studio 15
VisualStudioVersion = 15.0.27130.2036
MinimumVisualStudioVersion = 10.0.40219.1
Project("{8BC9CEB8-8B4A-11D0-8D11-00A0C91BC942}") = "NashEngine", "NashEngine\NashEngine.vcxproj", "{2DB49D1A-21CB-4D45-A633-7BB21C8AD7B5}"
EndProject
Project("{8BC9CEB8-8B4A-11D0-8D11-00A0C91BC942}") = "NashTestProject", "TestProject\TestProject.vcxproj", "{67CF3B6F-8347-4CAE-AFCF-7F26CA5D5719}"
	ProjectSection(ProjectDependencies) = postProject
		{2DB49D1A-21CB-4D45-A633-7BB21C8AD7B5} = {2DB49D1A-21CB-4D45-A633-7BB21C8AD7B5}
		{26266D3E-1413-4E26-837F-FB1FBE0D4DA9} = {26266D3E-1413-4E26-837F-FB1FBE0D4DA9}
	EndProjectSection
EndProject
Project("{8BC9CEB8-8B4A-11D0-8D11-00A0C91BC942}") = "googletest", "googletest\googletest.vcxproj", "{26266D3E-1413-4E26-837F-FB1FBE0D4DA9}"
EndProject
Global
	GlobalSection(SolutionConfigurationPlatforms) = preSolution
		Debug|x64 = Debug|x64
		Debug|x86 = Debug|x86
		Release|x64 = Release|x64
		Release|x86 = Release|x86
	EndGlobalSection
	GlobalSection(ProjectConfigurationPlatforms) = postSolution
		{2DB49D1A-21CB-4D45-A633-7BB21C8AD7B5}.Debug|x64.ActiveCfg = Debug|x64
		{2DB49D1A-21CB-4D45-A633-7BB21C8AD7B5}.Debug|x64.Build.0 = Debug|x64
		{2DB49D1A-21CB-4D45-A633-7BB21C8AD7B5}.Debug|x86.ActiveCfg = Debug|Win32
		{2DB49D1A-21CB-4D45-A633-7BB21C8AD7B5}.Debug|x86.Build.0 = Debug|Win32
		{2DB49D1A-21CB-4D45-A633-7BB21C8AD7B5}.Release|x64.ActiveCfg = Release|x64
		{2DB49D1A-21CB-4D45-A633-7BB21C8AD7B5}.Release|x64.Build.0 = Release|x64
		{2DB49D1A-21CB-4D45-A633-7BB21C8AD7B5}.Release|x86.ActiveCfg = Release|Win32
		{2DB49D1A-21CB-4D45-A633-7BB21C8AD7B5}.Release|x86.Build.0 = Release|Win32
		{67CF3B6F-8347-4CAE-AFCF-7F26CA5D5719}.Debug|x64.ActiveCfg = Debug|x64
		{67CF3B6F-8347-4CAE-AFCF-7F26CA5D5719}.Debug|x64.Build.0 = Debug|x64
		{67CF3B6F-8347-4CAE-AFCF-7F26CA5D5719}.Debug|x86.ActiveCfg = Debug|Win32
		{67CF3B6F-8347-4CAE-AFCF-7F26CA5D5719}.Debug|x86.Build.0 = Debug|Win32
		{67CF3B6F-8347-4CAE-AFCF-7F26CA5D5719}.Release|x64.ActiveCfg = Release|x64
		{67CF3B6F-8347-4CAE-AFCF-7F26CA5D5719}.Release|x64.Build.0 = Release|x64
		{67CF3B6F-8347-4CAE-AFCF-7F26CA5D5719}.Release|x86.ActiveCfg = Release|Win32
		{67CF3B6F-8347-4CAE-AFCF-7F26CA5D5719}.Release|x86.Build.0 = Release|Win32
		{26266D3E-1413-4E26-837F-FB1FBE0D4DA9}.Debug|x64.ActiveCfg = Debug|x64
		{26266D3E-1413-4E26-837F-FB1FBE0D4DA9}.Debug|x64.Build.0 = Debug|x64
		{26266D3E-1413-4E26-837F-FB1FBE0D4DA9}.Debug|x86.ActiveCfg = Debug|Win32
		{26266D3E-1413-4E26-837F-FB1FBE0D4DA9}.Debug|x86.Build.0 = Debug|Win32
		{26266D3E-1413-4E26-837F-FB1FBE0D4DA9}.Release|x64.ActiveCfg = Release|x64
		{26266D3E-1413-4E26-837F-FB1FBE0D4DA9}.Release|x64.Build.0 = Release|x64
		{26266D3E-1413-4E26-837F-FB1FBE0D4DA9}.Release|x86.ActiveCfg = Release|Win32
		{26266D3E-1413-4E26-837F-FB1FBE0D4DA9}.Release|x86.Build.0 = Release|Win32
	EndGlobalSection
	GlobalSection(SolutionProperties) = preSolution
		HideSolutionNode = FALSE
	EndGlobalSection
	GlobalSection(ExtensibilityGlobals) = postSolution
		SolutionGuid = {74DB0A89-9CFF-4308-8F95-3E18C53B5A6C}
	EndGlobalSection
EndGlobal
